<?xml version="1.0" encoding="utf-8"?>
<Project ToolsVersion="4.0" xmlns="http://schemas.microsoft.com/developer/msbuild/2003">
  <ItemGroup>
    <Filter Include="Platform">
      <UniqueIdentifier>{2AC788B4-1694-E3BF-3FAD-D1672BD9184E}</UniqueIdentifier>
    </Filter>
    <Filter Include="Platform\Windows">
      <UniqueIdentifier>{64FBD71A-50F4-F66C-7926-DCF1657ED678}</UniqueIdentifier>
    </Filter>
    <Filter Include="TERRAIN_GENERATOR">
      <UniqueIdentifier>{6096978E-CCAC-9524-1524-2146817966AC}</UniqueIdentifier>
    </Filter>
    <Filter Include="TERRAIN_GENERATOR\Events">
      <UniqueIdentifier>{44569855-307B-E7D5-59C6-CC65454AE6F3}</UniqueIdentifier>
    </Filter>
  </ItemGroup>
  <ItemGroup>
    <ClInclude Include="src\PCHeaders.h" />
    <ClInclude Include="src\Platform\Windows\WindowsWindow.h">
      <Filter>Platform\Windows</Filter>
    </ClInclude>
    <ClInclude Include="src\TERRAIN_GENERATOR.h" />
    <ClInclude Include="src\TERRAIN_GENERATOR\Application.h">
      <Filter>TERRAIN_GENERATOR</Filter>
    </ClInclude>
    <ClInclude Include="src\TERRAIN_GENERATOR\Core.h">
      <Filter>TERRAIN_GENERATOR</Filter>
    </ClInclude>
    <ClInclude Include="src\TERRAIN_GENERATOR\EntryPoint.h">
      <Filter>TERRAIN_GENERATOR</Filter>
    </ClInclude>
    <ClInclude Include="src\TERRAIN_GENERATOR\Events\ApplicationEvent.h">
      <Filter>TERRAIN_GENERATOR\Events</Filter>
    </ClInclude>
    <ClInclude Include="src\TERRAIN_GENERATOR\Events\Event.h">
      <Filter>TERRAIN_GENERATOR\Events</Filter>
    </ClInclude>
    <ClInclude Include="src\TERRAIN_GENERATOR\Events\KeyEvent.h">
      <Filter>TERRAIN_GENERATOR\Events</Filter>
    </ClInclude>
    <ClInclude Include="src\TERRAIN_GENERATOR\Events\MouseEvent.h">
      <Filter>TERRAIN_GENERATOR\Events</Filter>
    </ClInclude>
    <ClInclude Include="src\Window.h" />
  </ItemGroup>
  <ItemGroup>
    <ClCompile Include="src\PCHeaders.cpp" />
    <ClCompile Include="src\Platform\Windows\WindowsWindow.cpp">
      <Filter>Platform\Windows</Filter>
    </ClCompile>
    <ClCompile Include="src\TERRAIN_GENERATOR\Application.cpp">
      <Filter>TERRAIN_GENERATOR</Filter>
    </ClCompile>
  </ItemGroup>
</Project>