<?xml version="1.0" encoding="utf-8"?>
<Project ToolsVersion="4.0" xmlns="http://schemas.microsoft.com/developer/msbuild/2003">
  <ItemGroup>
    <Filter Include="TERRAIN_GENERATOR">
      <UniqueIdentifier>{6096978E-CCAC-9524-1524-2146817966AC}</UniqueIdentifier>
    </Filter>
  </ItemGroup>
  <ItemGroup>
    <ClInclude Include="src\PCHeaders.h" />
    <ClInclude Include="src\TERRAIN_GENERATOR.h" />
    <ClInclude Include="src\TERRAIN_GENERATOR\Application.h">
      <Filter>TERRAIN_GENERATOR</Filter>
    </ClInclude>
    <ClInclude Include="src\TERRAIN_GENERATOR\Core.h">
      <Filter>TERRAIN_GENERATOR</Filter>
    </ClInclude>
    <ClInclude Include="src\TERRAIN_GENERATOR\EntryPoint.h">
      <Filter>TERRAIN_GENERATOR</Filter>
    </ClInclude>
    <ClInclude Include="src\Window.h" />
    <ClInclude Include="src\Platform\Windows\WindowsWindow.h" />
  </ItemGroup>
  <ItemGroup>
    <ClCompile Include="src\PCHeaders.cpp" />
    <ClCompile Include="src\TERRAIN_GENERATOR\Application.cpp">
      <Filter>TERRAIN_GENERATOR</Filter>
    </ClCompile>
    <ClCompile Include="src\Platform\Windows\WindowsWindow.cpp" />
  </ItemGroup>
</Project>